
Microsoft Visual Studio Solution File, Format Version 12.00
# Visual Studio Version 17
VisualStudioVersion = 17.0.31903.59
MinimumVisualStudioVersion = 10.0.40219.1
Project("{2150E333-8FDC-42A3-9474-1A3956D46DE8}") = "src", "src", "{827E0CD3-B72D-47B6-A68D-7590B98EB39B}"
EndProject
Project("{FAE04EC0-301F-11D3-BF4B-00C04F79EFBC}") = "RealEstate.Domain", "src\RealEstate.Domain\RealEstate.Domain.csproj", "{13B7662D-3F78-4171-9A36-FD00A09B4E32}"
EndProject
Project("{FAE04EC0-301F-11D3-BF4B-00C04F79EFBC}") = "RealEstate.Application", "src\RealEstate.Application\RealEstate.Application.csproj", "{23C1CCBB-8B90-4D36-9116-FA699420D3B5}"
EndProject
Project("{FAE04EC0-301F-11D3-BF4B-00C04F79EFBC}") = "RealEstate.Infrastructure", "src\RealEstate.Infrastructure\RealEstate.Infrastructure.csproj", "{C90E82DA-CE1E-4D60-8D8B-6A454007F7E8}"
EndProject
Project("{2150E333-8FDC-42A3-9474-1A3956D46DE8}") = "tests", "tests", "{0AB3BF05-4346-4AA6-1389-037BE0695223}"
EndProject
Project("{FAE04EC0-301F-11D3-BF4B-00C04F79EFBC}") = "RealEstate.Domain.Tests", "tests\RealEstate.Domain.Tests\RealEstate.Domain.Tests.csproj", "{2BE51734-CE27-4278-8AD2-04597309AB5E}"
EndProject
Project("{FAE04EC0-301F-11D3-BF4B-00C04F79EFBC}") = "RealEstate.Application.Tests", "tests\RealEstate.Application.Tests\RealEstate.Application.Tests.csproj", "{ADE94153-6EFA-42BF-9B7C-7F8459F45E34}"
EndProject
Project("{FAE04EC0-301F-11D3-BF4B-00C04F79EFBC}") = "RealEstate.Infrastructure.Tests", "tests\RealEstate.Infrastructure.Tests\RealEstate.Infrastructure.Tests.csproj", "{00834FEF-F331-4495-854E-DE122FF572A5}"
EndProject
Project("{FAE04EC0-301F-11D3-BF4B-00C04F79EFBC}") = "RealEstate.Api", "src\RealEstate.Api\RealEstate.Api.csproj", "{8B9DC491-8AED-4BD3-80C4-D6AB457D9488}"
EndProject
Project("{FAE04EC0-301F-11D3-BF4B-00C04F79EFBC}") = "RealEstate.Admin", "src\RealEstate.Admin\RealEstate.Admin.csproj", "{642FCC34-9113-4F1C-BB07-E86D10760D9C}"
EndProject
Global
	GlobalSection(SolutionConfigurationPlatforms) = preSolution
		Debug|Any CPU = Debug|Any CPU
		Debug|x64 = Debug|x64
		Debug|x86 = Debug|x86
		Release|Any CPU = Release|Any CPU
		Release|x64 = Release|x64
		Release|x86 = Release|x86
	EndGlobalSection
	GlobalSection(ProjectConfigurationPlatforms) = postSolution
		{13B7662D-3F78-4171-9A36-FD00A09B4E32}.Debug|Any CPU.ActiveCfg = Debug|Any CPU
		{13B7662D-3F78-4171-9A36-FD00A09B4E32}.Debug|Any CPU.Build.0 = Debug|Any CPU
		{13B7662D-3F78-4171-9A36-FD00A09B4E32}.Debug|x64.ActiveCfg = Debug|Any CPU
		{13B7662D-3F78-4171-9A36-FD00A09B4E32}.Debug|x64.Build.0 = Debug|Any CPU
		{13B7662D-3F78-4171-9A36-FD00A09B4E32}.Debug|x86.ActiveCfg = Debug|Any CPU
		{13B7662D-3F78-4171-9A36-FD00A09B4E32}.Debug|x86.Build.0 = Debug|Any CPU
		{13B7662D-3F78-4171-9A36-FD00A09B4E32}.Release|Any CPU.ActiveCfg = Release|Any CPU
		{13B7662D-3F78-4171-9A36-FD00A09B4E32}.Release|Any CPU.Build.0 = Release|Any CPU
		{13B7662D-3F78-4171-9A36-FD00A09B4E32}.Release|x64.ActiveCfg = Release|Any CPU
		{13B7662D-3F78-4171-9A36-FD00A09B4E32}.Release|x64.Build.0 = Release|Any CPU
		{13B7662D-3F78-4171-9A36-FD00A09B4E32}.Release|x86.ActiveCfg = Release|Any CPU
		{13B7662D-3F78-4171-9A36-FD00A09B4E32}.Release|x86.Build.0 = Release|Any CPU
		{23C1CCBB-8B90-4D36-9116-FA699420D3B5}.Debug|Any CPU.ActiveCfg = Debug|Any CPU
		{23C1CCBB-8B90-4D36-9116-FA699420D3B5}.Debug|Any CPU.Build.0 = Debug|Any CPU
		{23C1CCBB-8B90-4D36-9116-FA699420D3B5}.Debug|x64.ActiveCfg = Debug|Any CPU
		{23C1CCBB-8B90-4D36-9116-FA699420D3B5}.Debug|x64.Build.0 = Debug|Any CPU
		{23C1CCBB-8B90-4D36-9116-FA699420D3B5}.Debug|x86.ActiveCfg = Debug|Any CPU
		{23C1CCBB-8B90-4D36-9116-FA699420D3B5}.Debug|x86.Build.0 = Debug|Any CPU
		{23C1CCBB-8B90-4D36-9116-FA699420D3B5}.Release|Any CPU.ActiveCfg = Release|Any CPU
		{23C1CCBB-8B90-4D36-9116-FA699420D3B5}.Release|Any CPU.Build.0 = Release|Any CPU
		{23C1CCBB-8B90-4D36-9116-FA699420D3B5}.Release|x64.ActiveCfg = Release|Any CPU
		{23C1CCBB-8B90-4D36-9116-FA699420D3B5}.Release|x64.Build.0 = Release|Any CPU
		{23C1CCBB-8B90-4D36-9116-FA699420D3B5}.Release|x86.ActiveCfg = Release|Any CPU
		{23C1CCBB-8B90-4D36-9116-FA699420D3B5}.Release|x86.Build.0 = Release|Any CPU
		{C90E82DA-CE1E-4D60-8D8B-6A454007F7E8}.Debug|Any CPU.ActiveCfg = Debug|Any CPU
		{C90E82DA-CE1E-4D60-8D8B-6A454007F7E8}.Debug|Any CPU.Build.0 = Debug|Any CPU
		{C90E82DA-CE1E-4D60-8D8B-6A454007F7E8}.Debug|x64.ActiveCfg = Debug|Any CPU
		{C90E82DA-CE1E-4D60-8D8B-6A454007F7E8}.Debug|x64.Build.0 = Debug|Any CPU
		{C90E82DA-CE1E-4D60-8D8B-6A454007F7E8}.Debug|x86.ActiveCfg = Debug|Any CPU
		{C90E82DA-CE1E-4D60-8D8B-6A454007F7E8}.Debug|x86.Build.0 = Debug|Any CPU
		{C90E82DA-CE1E-4D60-8D8B-6A454007F7E8}.Release|Any CPU.ActiveCfg = Release|Any CPU
		{C90E82DA-CE1E-4D60-8D8B-6A454007F7E8}.Release|Any CPU.Build.0 = Release|Any CPU
		{C90E82DA-CE1E-4D60-8D8B-6A454007F7E8}.Release|x64.ActiveCfg = Release|Any CPU
		{C90E82DA-CE1E-4D60-8D8B-6A454007F7E8}.Release|x64.Build.0 = Release|Any CPU
		{C90E82DA-CE1E-4D60-8D8B-6A454007F7E8}.Release|x86.ActiveCfg = Release|Any CPU
		{C90E82DA-CE1E-4D60-8D8B-6A454007F7E8}.Release|x86.Build.0 = Release|Any CPU
		{2BE51734-CE27-4278-8AD2-04597309AB5E}.Debug|Any CPU.ActiveCfg = Debug|Any CPU
		{2BE51734-CE27-4278-8AD2-04597309AB5E}.Debug|Any CPU.Build.0 = Debug|Any CPU
		{2BE51734-CE27-4278-8AD2-04597309AB5E}.Debug|x64.ActiveCfg = Debug|Any CPU
		{2BE51734-CE27-4278-8AD2-04597309AB5E}.Debug|x64.Build.0 = Debug|Any CPU
		{2BE51734-CE27-4278-8AD2-04597309AB5E}.Debug|x86.ActiveCfg = Debug|Any CPU
		{2BE51734-CE27-4278-8AD2-04597309AB5E}.Debug|x86.Build.0 = Debug|Any CPU
		{2BE51734-CE27-4278-8AD2-04597309AB5E}.Release|Any CPU.ActiveCfg = Release|Any CPU
		{2BE51734-CE27-4278-8AD2-04597309AB5E}.Release|Any CPU.Build.0 = Release|Any CPU
		{2BE51734-CE27-4278-8AD2-04597309AB5E}.Release|x64.ActiveCfg = Release|Any CPU
		{2BE51734-CE27-4278-8AD2-04597309AB5E}.Release|x64.Build.0 = Release|Any CPU
		{2BE51734-CE27-4278-8AD2-04597309AB5E}.Release|x86.ActiveCfg = Release|Any CPU
		{2BE51734-CE27-4278-8AD2-04597309AB5E}.Release|x86.Build.0 = Release|Any CPU
		{ADE94153-6EFA-42BF-9B7C-7F8459F45E34}.Debug|Any CPU.ActiveCfg = Debug|Any CPU
		{ADE94153-6EFA-42BF-9B7C-7F8459F45E34}.Debug|Any CPU.Build.0 = Debug|Any CPU
		{ADE94153-6EFA-42BF-9B7C-7F8459F45E34}.Debug|x64.ActiveCfg = Debug|Any CPU
		{ADE94153-6EFA-42BF-9B7C-7F8459F45E34}.Debug|x64.Build.0 = Debug|Any CPU
		{ADE94153-6EFA-42BF-9B7C-7F8459F45E34}.Debug|x86.ActiveCfg = Debug|Any CPU
		{ADE94153-6EFA-42BF-9B7C-7F8459F45E34}.Debug|x86.Build.0 = Debug|Any CPU
		{ADE94153-6EFA-42BF-9B7C-7F8459F45E34}.Release|Any CPU.ActiveCfg = Release|Any CPU
		{ADE94153-6EFA-42BF-9B7C-7F8459F45E34}.Release|Any CPU.Build.0 = Release|Any CPU
		{ADE94153-6EFA-42BF-9B7C-7F8459F45E34}.Release|x64.ActiveCfg = Release|Any CPU
		{ADE94153-6EFA-42BF-9B7C-7F8459F45E34}.Release|x64.Build.0 = Release|Any CPU
		{ADE94153-6EFA-42BF-9B7C-7F8459F45E34}.Release|x86.ActiveCfg = Release|Any CPU
		{ADE94153-6EFA-42BF-9B7C-7F8459F45E34}.Release|x86.Build.0 = Release|Any CPU
		{00834FEF-F331-4495-854E-DE122FF572A5}.Debug|Any CPU.ActiveCfg = Debug|Any CPU
		{00834FEF-F331-4495-854E-DE122FF572A5}.Debug|Any CPU.Build.0 = Debug|Any CPU
		{00834FEF-F331-4495-854E-DE122FF572A5}.Debug|x64.ActiveCfg = Debug|Any CPU
		{00834FEF-F331-4495-854E-DE122FF572A5}.Debug|x64.Build.0 = Debug|Any CPU
		{00834FEF-F331-4495-854E-DE122FF572A5}.Debug|x86.ActiveCfg = Debug|Any CPU
		{00834FEF-F331-4495-854E-DE122FF572A5}.Debug|x86.Build.0 = Debug|Any CPU
		{00834FEF-F331-4495-854E-DE122FF572A5}.Release|Any CPU.ActiveCfg = Release|Any CPU
		{00834FEF-F331-4495-854E-DE122FF572A5}.Release|Any CPU.Build.0 = Release|Any CPU
		{00834FEF-F331-4495-854E-DE122FF572A5}.Release|x64.ActiveCfg = Release|Any CPU
		{00834FEF-F331-4495-854E-DE122FF572A5}.Release|x64.Build.0 = Release|Any CPU
		{00834FEF-F331-4495-854E-DE122FF572A5}.Release|x86.ActiveCfg = Release|Any CPU
		{00834FEF-F331-4495-854E-DE122FF572A5}.Release|x86.Build.0 = Release|Any CPU
		{8B9DC491-8AED-4BD3-80C4-D6AB457D9488}.Debug|Any CPU.ActiveCfg = Debug|Any CPU
		{8B9DC491-8AED-4BD3-80C4-D6AB457D9488}.Debug|Any CPU.Build.0 = Debug|Any CPU
		{8B9DC491-8AED-4BD3-80C4-D6AB457D9488}.Debug|x64.ActiveCfg = Debug|Any CPU
		{8B9DC491-8AED-4BD3-80C4-D6AB457D9488}.Debug|x64.Build.0 = Debug|Any CPU
		{8B9DC491-8AED-4BD3-80C4-D6AB457D9488}.Debug|x86.ActiveCfg = Debug|Any CPU
		{8B9DC491-8AED-4BD3-80C4-D6AB457D9488}.Debug|x86.Build.0 = Debug|Any CPU
		{8B9DC491-8AED-4BD3-80C4-D6AB457D9488}.Release|Any CPU.ActiveCfg = Release|Any CPU
		{8B9DC491-8AED-4BD3-80C4-D6AB457D9488}.Release|Any CPU.Build.0 = Release|Any CPU
		{8B9DC491-8AED-4BD3-80C4-D6AB457D9488}.Release|x64.ActiveCfg = Release|Any CPU
		{8B9DC491-8AED-4BD3-80C4-D6AB457D9488}.Release|x64.Build.0 = Release|Any CPU
		{8B9DC491-8AED-4BD3-80C4-D6AB457D9488}.Release|x86.ActiveCfg = Release|Any CPU
		{8B9DC491-8AED-4BD3-80C4-D6AB457D9488}.Release|x86.Build.0 = Release|Any CPU
		{642FCC34-9113-4F1C-BB07-E86D10760D9C}.Debug|Any CPU.ActiveCfg = Debug|Any CPU
		{642FCC34-9113-4F1C-BB07-E86D10760D9C}.Debug|Any CPU.Build.0 = Debug|Any CPU
		{642FCC34-9113-4F1C-BB07-E86D10760D9C}.Debug|x64.ActiveCfg = Debug|Any CPU
		{642FCC34-9113-4F1C-BB07-E86D10760D9C}.Debug|x64.Build.0 = Debug|Any CPU
		{642FCC34-9113-4F1C-BB07-E86D10760D9C}.Debug|x86.ActiveCfg = Debug|Any CPU
		{642FCC34-9113-4F1C-BB07-E86D10760D9C}.Debug|x86.Build.0 = Debug|Any CPU
		{642FCC34-9113-4F1C-BB07-E86D10760D9C}.Release|Any CPU.ActiveCfg = Release|Any CPU
		{642FCC34-9113-4F1C-BB07-E86D10760D9C}.Release|Any CPU.Build.0 = Release|Any CPU
		{642FCC34-9113-4F1C-BB07-E86D10760D9C}.Release|x64.ActiveCfg = Release|Any CPU
		{642FCC34-9113-4F1C-BB07-E86D10760D9C}.Release|x64.Build.0 = Release|Any CPU
		{642FCC34-9113-4F1C-BB07-E86D10760D9C}.Release|x86.ActiveCfg = Release|Any CPU
		{642FCC34-9113-4F1C-BB07-E86D10760D9C}.Release|x86.Build.0 = Release|Any CPU
	EndGlobalSection
	GlobalSection(SolutionProperties) = preSolution
		HideSolutionNode = FALSE
	EndGlobalSection
	GlobalSection(NestedProjects) = preSolution
		{13B7662D-3F78-4171-9A36-FD00A09B4E32} = {827E0CD3-B72D-47B6-A68D-7590B98EB39B}
		{23C1CCBB-8B90-4D36-9116-FA699420D3B5} = {827E0CD3-B72D-47B6-A68D-7590B98EB39B}
		{C90E82DA-CE1E-4D60-8D8B-6A454007F7E8} = {827E0CD3-B72D-47B6-A68D-7590B98EB39B}
		{2BE51734-CE27-4278-8AD2-04597309AB5E} = {0AB3BF05-4346-4AA6-1389-037BE0695223}
		{ADE94153-6EFA-42BF-9B7C-7F8459F45E34} = {0AB3BF05-4346-4AA6-1389-037BE0695223}
		{00834FEF-F331-4495-854E-DE122FF572A5} = {0AB3BF05-4346-4AA6-1389-037BE0695223}
		{8B9DC491-8AED-4BD3-80C4-D6AB457D9488} = {827E0CD3-B72D-47B6-A68D-7590B98EB39B}
		{642FCC34-9113-4F1C-BB07-E86D10760D9C} = {827E0CD3-B72D-47B6-A68D-7590B98EB39B}
	EndGlobalSection
EndGlobal
